
Microsoft Visual Studio Solution File, Format Version 12.00
# Visual Studio 15
Project("{FAE04EC0-301F-11D3-BF4B-00C04F79EFBC}") = "ImageRecognition.Android", "ImageRecognition.Android\ImageRecognition.Android.csproj", "{F017E0AB-2587-4976-B063-A35181AF12D2}"
EndProject
Project("{FAE04EC0-301F-11D3-BF4B-00C04F79EFBC}") = "ImageRecognition.iOS", "ImageRecognition.iOS\ImageRecognition.iOS.csproj", "{47A4305D-738A-441E-BB8A-70427C25EFFB}"
EndProject
Project("{FAE04EC0-301F-11D3-BF4B-00C04F79EFBC}") = "ImageRecognition", "ImageRecognition\ImageRecognition.csproj", "{6E131982-6270-42DC-A446-C9979C8BC382}"
EndProject
Global
	GlobalSection(SolutionConfigurationPlatforms) = preSolution
		Debug|Any CPU = Debug|Any CPU
		Release|Any CPU = Release|Any CPU
		Debug|iPhoneSimulator = Debug|iPhoneSimulator
		Release|iPhoneSimulator = Release|iPhoneSimulator
		Debug|iPhone = Debug|iPhone
		Release|iPhone = Release|iPhone
	EndGlobalSection
	GlobalSection(ProjectConfigurationPlatforms) = postSolution
		{F017E0AB-2587-4976-B063-A35181AF12D2}.Debug|Any CPU.ActiveCfg = Debug|Any CPU
		{F017E0AB-2587-4976-B063-A35181AF12D2}.Debug|Any CPU.Build.0 = Debug|Any CPU
		{F017E0AB-2587-4976-B063-A35181AF12D2}.Release|Any CPU.ActiveCfg = Release|Any CPU
		{F017E0AB-2587-4976-B063-A35181AF12D2}.Release|Any CPU.Build.0 = Release|Any CPU
		{F017E0AB-2587-4976-B063-A35181AF12D2}.Debug|iPhoneSimulator.ActiveCfg = Debug|Any CPU
		{F017E0AB-2587-4976-B063-A35181AF12D2}.Debug|iPhoneSimulator.Build.0 = Debug|Any CPU
		{F017E0AB-2587-4976-B063-A35181AF12D2}.Release|iPhoneSimulator.ActiveCfg = Release|Any CPU
		{F017E0AB-2587-4976-B063-A35181AF12D2}.Release|iPhoneSimulator.Build.0 = Release|Any CPU
		{F017E0AB-2587-4976-B063-A35181AF12D2}.Debug|iPhone.ActiveCfg = Debug|Any CPU
		{F017E0AB-2587-4976-B063-A35181AF12D2}.Debug|iPhone.Build.0 = Debug|Any CPU
		{F017E0AB-2587-4976-B063-A35181AF12D2}.Release|iPhone.ActiveCfg = Release|Any CPU
		{F017E0AB-2587-4976-B063-A35181AF12D2}.Release|iPhone.Build.0 = Release|Any CPU
		{47A4305D-738A-441E-BB8A-70427C25EFFB}.Debug|Any CPU.ActiveCfg = Debug|iPhoneSimulator
		{47A4305D-738A-441E-BB8A-70427C25EFFB}.Debug|Any CPU.Build.0 = Debug|iPhoneSimulator
		{47A4305D-738A-441E-BB8A-70427C25EFFB}.Release|Any CPU.ActiveCfg = Release|iPhoneSimulator
		{47A4305D-738A-441E-BB8A-70427C25EFFB}.Release|Any CPU.Build.0 = Release|iPhoneSimulator
		{47A4305D-738A-441E-BB8A-70427C25EFFB}.Debug|iPhoneSimulator.ActiveCfg = Debug|iPhoneSimulator
		{47A4305D-738A-441E-BB8A-70427C25EFFB}.Debug|iPhoneSimulator.Build.0 = Debug|iPhoneSimulator
		{47A4305D-738A-441E-BB8A-70427C25EFFB}.Release|iPhoneSimulator.ActiveCfg = Release|iPhoneSimulator
		{47A4305D-738A-441E-BB8A-70427C25EFFB}.Release|iPhoneSimulator.Build.0 = Release|iPhoneSimulator
		{47A4305D-738A-441E-BB8A-70427C25EFFB}.Debug|iPhone.ActiveCfg = Debug|iPhone
		{47A4305D-738A-441E-BB8A-70427C25EFFB}.Debug|iPhone.Build.0 = Debug|iPhone
		{47A4305D-738A-441E-BB8A-70427C25EFFB}.Release|iPhone.ActiveCfg = Release|iPhone
		{47A4305D-738A-441E-BB8A-70427C25EFFB}.Release|iPhone.Build.0 = Release|iPhone
		{6E131982-6270-42DC-A446-C9979C8BC382}.Debug|Any CPU.ActiveCfg = Debug|Any CPU
		{6E131982-6270-42DC-A446-C9979C8BC382}.Debug|Any CPU.Build.0 = Debug|Any CPU
		{6E131982-6270-42DC-A446-C9979C8BC382}.Release|Any CPU.ActiveCfg = Release|Any CPU
		{6E131982-6270-42DC-A446-C9979C8BC382}.Release|Any CPU.Build.0 = Release|Any CPU
		{6E131982-6270-42DC-A446-C9979C8BC382}.Debug|iPhoneSimulator.ActiveCfg = Debug|Any CPU
		{6E131982-6270-42DC-A446-C9979C8BC382}.Debug|iPhoneSimulator.Build.0 = Debug|Any CPU
		{6E131982-6270-42DC-A446-C9979C8BC382}.Release|iPhoneSimulator.ActiveCfg = Release|Any CPU
		{6E131982-6270-42DC-A446-C9979C8BC382}.Release|iPhoneSimulator.Build.0 = Release|Any CPU
		{6E131982-6270-42DC-A446-C9979C8BC382}.Debug|iPhone.ActiveCfg = Debug|Any CPU
		{6E131982-6270-42DC-A446-C9979C8BC382}.Debug|iPhone.Build.0 = Debug|Any CPU
		{6E131982-6270-42DC-A446-C9979C8BC382}.Release|iPhone.ActiveCfg = Release|Any CPU
		{6E131982-6270-42DC-A446-C9979C8BC382}.Release|iPhone.Build.0 = Release|Any CPU
	EndGlobalSection
EndGlobal
